
Microsoft Visual Studio Solution File, Format Version 12.00
# Visual Studio Version 16
VisualStudioVersion = 16.0.29709.97
MinimumVisualStudioVersion = 10.0.40219.1
Project("{FAE04EC0-301F-11D3-BF4B-00C04F79EFBC}") = "MCStore", "MCStore\MCStore.csproj", "{D618431D-E2EE-4B03-845A-50793454909F}"
EndProject
Global
	GlobalSection(SolutionConfigurationPlatforms) = preSolution
		Debug|Any CPU = Debug|Any CPU
		Release|Any CPU = Release|Any CPU
	EndGlobalSection
	GlobalSection(ProjectConfigurationPlatforms) = postSolution
		{D618431D-E2EE-4B03-845A-50793454909F}.Debug|Any CPU.ActiveCfg = Debug|Any CPU
		{D618431D-E2EE-4B03-845A-50793454909F}.Debug|Any CPU.Build.0 = Debug|Any CPU
		{D618431D-E2EE-4B03-845A-50793454909F}.Release|Any CPU.ActiveCfg = Release|Any CPU
		{D618431D-E2EE-4B03-845A-50793454909F}.Release|Any CPU.Build.0 = Release|Any CPU
	EndGlobalSection
	GlobalSection(SolutionProperties) = preSolution
		HideSolutionNode = FALSE
	EndGlobalSection
	GlobalSection(ExtensibilityGlobals) = postSolution
		SolutionGuid = {471BF664-447D-4EF8-88F3-3B1CB1AF13FA}
	EndGlobalSection
EndGlobal
